{
  "version": 4,
  "terraform_version": "1.7.5",
  "serial": 19,
  "lineage": "f6bb6f5b-cec4-0437-0b8b-c6ba92dcd093",
  "outputs": {
    "attached_volumes_details": {
      "value": {
        "app_volume": {
          "device": "/dev/sdf",
          "id": "vol-066fac8557645846a",
          "size": 20,
          "type": "standard"
        },
        "appdata_volume": {
          "device": "/dev/sdg",
          "id": "vol-0c684a797246c829f",
          "size": 40,
          "type": "standard"
        },
        "database_volume": {
          "device": "/dev/sdh",
          "id": "vol-0382ff9e7ae67c2d4",
          "size": 50,
          "type": "standard"
        }
      },
      "type": [
        "object",
        {
          "app_volume": [
            "object",
            {
              "device": "string",
              "id": "string",
              "size": "number",
              "type": "string"
            }
          ],
          "appdata_volume": [
            "object",
            {
              "device": "string",
              "id": "string",
              "size": "number",
              "type": "string"
            }
          ],
          "database_volume": [
            "object",
            {
              "device": "string",
              "id": "string",
              "size": "number",
              "type": "string"
            }
          ]
        }
      ]
    },
    "instance_details": {
      "value": {
        "ami": "ami-04d143d89e43ce7fb",
        "availability_zone": "ap-south-1a",
        "id": "i-0a000ce5f42e0d3c9",
        "instance_type": "t3a.large",
        "key_name": "ansible",
        "private_ip": "10.23.1.73",
        "public_ip": "",
        "subnet_id": "subnet-09ffb189d6f69530a",
        "tags": {
          "BillableParty": "aarvan",
          "DNS_Name": "sit-aarvan.mmb.perdix.co",
          "Name": "aarvan sit [new]",
          "ServerCategory": "Client-SIT"
        },
        "vpc_security_group_ids": [
          "sg-0e7122c5bec08710b"
        ]
      },
      "type": [
        "object",
        {
          "ami": "string",
          "availability_zone": "string",
          "id": "string",
          "instance_type": "string",
          "key_name": "string",
          "private_ip": "string",
          "public_ip": "string",
          "subnet_id": "string",
          "tags": [
            "map",
            "string"
          ],
          "vpc_security_group_ids": [
            "set",
            "string"
          ]
        }
      ]
    },
    "target_group_info": {
      "value": {
        "arn": "arn:aws:elasticloadbalancing:ap-south-1:203862109330:targetgroup/sit-aarvan-mmb-80tg/d7362c9cf46dbff9",
        "name": "sit-aarvan-mmb-80tg",
        "port": 80,
        "target_type": "instance",
        "vpc_id": "vpc-0f6424f35dc01cb6c"
      },
      "type": [
        "object",
        {
          "arn": "string",
          "name": "string",
          "port": "number",
          "target_type": "string",
          "vpc_id": "string"
        }
      ]
    }
  },
  "resources": [
    {
      "mode": "data",
      "type": "aws_instance",
      "name": "existing",
      "provider": "provider[\"registry.terraform.io/hashicorp/aws\"]",
      "instances": [
        {
          "schema_version": 0,
          "attributes": {
            "ami": "ami-0bf0ac6e7d58e753a",
            "arn": "arn:aws:ec2:ap-south-1:203862109330:instance/i-0b889796e57564afd",
            "associate_public_ip_address": false,
            "availability_zone": "ap-south-1a",
            "credit_specification": [
              {
                "cpu_credits": "unlimited"
              }
            ],
            "disable_api_stop": false,
            "disable_api_termination": true,
            "ebs_block_device": [
              {
                "delete_on_termination": false,
                "device_name": "/dev/sdb",
                "encrypted": true,
                "iops": 0,
                "kms_key_id": "arn:aws:kms:ap-south-1:203862109330:key/b85532f1-0941-4d93-9963-d4757709b949",
                "snapshot_id": "snap-079d6c09d00784cee",
                "tags": {
                  "BillableParty": "internal"
                },
                "throughput": 0,
                "volume_id": "vol-0d798d43d003f5964",
                "volume_size": 20,
                "volume_type": "standard"
              },
              {
                "delete_on_termination": false,
                "device_name": "/dev/sdc",
                "encrypted": true,
                "iops": 0,
                "kms_key_id": "arn:aws:kms:ap-south-1:203862109330:key/b85532f1-0941-4d93-9963-d4757709b949",
                "snapshot_id": "snap-0f1566c366430d33c",
                "tags": {
                  "BillableParty": "internal"
                },
                "throughput": 0,
                "volume_id": "vol-0625cd092b7f74904",
                "volume_size": 40,
                "volume_type": "standard"
              },
              {
                "delete_on_termination": false,
                "device_name": "/dev/sdf",
                "encrypted": true,
                "iops": 0,
                "kms_key_id": "arn:aws:kms:ap-south-1:203862109330:key/b85532f1-0941-4d93-9963-d4757709b949",
                "snapshot_id": "snap-037f4ec2adba3ad87",
                "tags": {
                  "BillableParty": "internal"
                },
                "throughput": 0,
                "volume_id": "vol-04c03608fb99184c9",
                "volume_size": 50,
                "volume_type": "standard"
              }
            ],
            "ebs_optimized": false,
            "enclave_options": [
              {
                "enabled": false
              }
            ],
            "ephemeral_block_device": [],
            "filter": null,
            "get_password_data": false,
            "get_user_data": false,
            "host_id": "",
            "host_resource_group_arn": "",
            "iam_instance_profile": "",
            "id": "i-0b889796e57564afd",
            "instance_id": "i-0b889796e57564afd",
            "instance_state": "running",
            "instance_tags": null,
            "instance_type": "t3a.large",
            "ipv6_addresses": [],
            "key_name": "ansible",
            "launch_time": "2025-07-04T05:36:15Z",
            "maintenance_options": [
              {
                "auto_recovery": "default"
              }
            ],
            "metadata_options": [
              {
                "http_endpoint": "enabled",
                "http_protocol_ipv6": "disabled",
                "http_put_response_hop_limit": 1,
                "http_tokens": "optional",
                "instance_metadata_tags": "disabled"
              }
            ],
            "monitoring": false,
            "network_interface_id": "eni-0ebb78af29b1fd7ab",
            "outpost_arn": "",
            "password_data": null,
            "placement_group": "",
            "placement_partition_number": 0,
            "private_dns": "ip-10-23-6-245.ap-south-1.compute.internal",
            "private_dns_name_options": [
              {
                "enable_resource_name_dns_a_record": false,
                "enable_resource_name_dns_aaaa_record": false,
                "hostname_type": "ip-name"
              }
            ],
            "private_ip": "10.23.6.245",
            "public_dns": "",
            "public_ip": "",
            "region": "ap-south-1",
            "root_block_device": [
              {
                "delete_on_termination": false,
                "device_name": "/dev/sda1",
                "encrypted": true,
                "iops": 0,
                "kms_key_id": "arn:aws:kms:ap-south-1:203862109330:key/b85532f1-0941-4d93-9963-d4757709b949",
                "tags": {
                  "BillableParty": "internal"
                },
                "throughput": 0,
                "volume_id": "vol-017fc94cc8231f120",
                "volume_size": 21,
                "volume_type": "standard"
              }
            ],
            "secondary_private_ips": [],
            "security_groups": [],
            "source_dest_check": true,
            "subnet_id": "subnet-09ffb189d6f69530a",
            "tags": {
              "BillableParty": "internal",
              "Name": "Arohan Jenkins Test Server [CRITICAL SERVER]",
              "NoShutdownTill": "",
              "ServerCategory": "Client-UAT",
              "ServerType": "internal",
              "perdix-url": "devops.perdix.co",
              "tg-name": "arohan-devops-80tg"
            },
            "tenancy": "default",
            "timeouts": null,
            "user_data": "ccbadecb9158569e4d4fa3758efd7c1820e26426",
            "user_data_base64": null,
            "vpc_security_group_ids": [
              "sg-0e7122c5bec08710b"
            ]
          },
          "sensitive_attributes": []
        }
      ]
    },
    {
      "mode": "data",
      "type": "aws_lb_target_group",
      "name": "selected",
      "provider": "provider[\"registry.terraform.io/hashicorp/aws\"]",
      "instances": [
        {
          "schema_version": 0,
          "attributes": {
            "arn": "arn:aws:elasticloadbalancing:ap-south-1:203862109330:targetgroup/sit-aarvan-mmb-80tg/d7362c9cf46dbff9",
            "arn_suffix": "targetgroup/sit-aarvan-mmb-80tg/d7362c9cf46dbff9",
            "connection_termination": null,
            "deregistration_delay": "300",
            "health_check": [
              {
                "enabled": true,
                "healthy_threshold": 2,
                "interval": 60,
                "matcher": "200",
                "path": "/perdix-client",
                "port": "traffic-port",
                "protocol": "HTTP",
                "timeout": 5,
                "unhealthy_threshold": 2
              }
            ],
            "id": "arn:aws:elasticloadbalancing:ap-south-1:203862109330:targetgroup/sit-aarvan-mmb-80tg/d7362c9cf46dbff9",
            "lambda_multi_value_headers_enabled": null,
            "load_balancer_arns": [],
            "load_balancing_algorithm_type": "round_robin",
            "load_balancing_anomaly_mitigation": "off",
            "load_balancing_cross_zone_enabled": "use_load_balancer_configuration",
            "name": "sit-aarvan-mmb-80tg",
            "port": 80,
            "preserve_client_ip": null,
            "protocol": "HTTP",
            "protocol_version": "HTTP1",
            "proxy_protocol_v2": null,
            "region": "ap-south-1",
            "slow_start": 0,
            "stickiness": [
              {
                "cookie_duration": 86400,
                "cookie_name": "",
                "enabled": false,
                "type": "lb_cookie"
              }
            ],
            "tags": {
              "Name": "aarvan sit new"
            },
            "target_type": "instance",
            "timeouts": null,
            "vpc_id": "vpc-0f6424f35dc01cb6c"
          },
          "sensitive_attributes": []
        }
      ]
    },
    {
      "mode": "managed",
      "type": "aws_ebs_snapshot",
      "name": "app",
      "provider": "provider[\"registry.terraform.io/hashicorp/aws\"]",
      "instances": [
        {
          "schema_version": 0,
          "attributes": {
            "arn": "arn:aws:ec2:ap-south-1::snapshot/snap-04d2abeffd7d27f22",
            "data_encryption_key_id": "",
            "description": "Snapshot of /app volume",
            "encrypted": true,
            "id": "snap-04d2abeffd7d27f22",
            "kms_key_id": "arn:aws:kms:ap-south-1:203862109330:key/b85532f1-0941-4d93-9963-d4757709b949",
            "outpost_arn": "",
            "owner_alias": "",
            "owner_id": "203862109330",
            "permanent_restore": null,
            "region": "ap-south-1",
            "storage_tier": "standard",
            "tags": {
              "Name": "aarvan sit [new]-app-snapshot"
            },
            "tags_all": {
              "Name": "aarvan sit [new]-app-snapshot"
            },
            "temporary_restore_days": null,
            "timeouts": {
              "create": "5h",
              "delete": "5h"
            },
            "volume_id": "vol-0d798d43d003f5964",
            "volume_size": 20
          },
          "sensitive_attributes": [],
          "private": "eyJlMmJmYjczMC1lY2FhLTExZTYtOGY4OC0zNDM2M2JjN2M0YzAiOnsiY3JlYXRlIjoxODAwMDAwMDAwMDAwMCwiZGVsZXRlIjoxODAwMDAwMDAwMDAwMH19"
        }
      ]
    },
    {
      "mode": "managed",
      "type": "aws_ebs_snapshot",
      "name": "appdata",
      "provider": "provider[\"registry.terraform.io/hashicorp/aws\"]",
      "instances": [
        {
          "schema_version": 0,
          "attributes": {
            "arn": "arn:aws:ec2:ap-south-1::snapshot/snap-09755219bbc69603c",
            "data_encryption_key_id": "",
            "description": "Snapshot of /appdata volume",
            "encrypted": true,
            "id": "snap-09755219bbc69603c",
            "kms_key_id": "arn:aws:kms:ap-south-1:203862109330:key/b85532f1-0941-4d93-9963-d4757709b949",
            "outpost_arn": "",
            "owner_alias": "",
            "owner_id": "203862109330",
            "permanent_restore": null,
            "region": "ap-south-1",
            "storage_tier": "standard",
            "tags": {
              "Name": "aarvan sit [new]-appdata-snapshot"
            },
            "tags_all": {
              "Name": "aarvan sit [new]-appdata-snapshot"
            },
            "temporary_restore_days": null,
            "timeouts": {
              "create": "5h",
              "delete": "5h"
            },
            "volume_id": "vol-0625cd092b7f74904",
            "volume_size": 40
          },
          "sensitive_attributes": [],
          "private": "eyJlMmJmYjczMC1lY2FhLTExZTYtOGY4OC0zNDM2M2JjN2M0YzAiOnsiY3JlYXRlIjoxODAwMDAwMDAwMDAwMCwiZGVsZXRlIjoxODAwMDAwMDAwMDAwMH19"
        }
      ]
    },
    {
      "mode": "managed",
      "type": "aws_ebs_snapshot",
      "name": "database",
      "provider": "provider[\"registry.terraform.io/hashicorp/aws\"]",
      "instances": [
        {
          "schema_version": 0,
          "attributes": {
            "arn": "arn:aws:ec2:ap-south-1::snapshot/snap-08862f21a6ebe2303",
            "data_encryption_key_id": "",
            "description": "Snapshot of /database volume",
            "encrypted": true,
            "id": "snap-08862f21a6ebe2303",
            "kms_key_id": "arn:aws:kms:ap-south-1:203862109330:key/b85532f1-0941-4d93-9963-d4757709b949",
            "outpost_arn": "",
            "owner_alias": "",
            "owner_id": "203862109330",
            "permanent_restore": null,
            "region": "ap-south-1",
            "storage_tier": "standard",
            "tags": {
              "Name": "aarvan sit [new]-database-snapshot"
            },
            "tags_all": {
              "Name": "aarvan sit [new]-database-snapshot"
            },
            "temporary_restore_days": null,
            "timeouts": {
              "create": "5h",
              "delete": "5h"
            },
            "volume_id": "vol-04c03608fb99184c9",
            "volume_size": 50
          },
          "sensitive_attributes": [],
          "private": "eyJlMmJmYjczMC1lY2FhLTExZTYtOGY4OC0zNDM2M2JjN2M0YzAiOnsiY3JlYXRlIjoxODAwMDAwMDAwMDAwMCwiZGVsZXRlIjoxODAwMDAwMDAwMDAwMH19"
        }
      ]
    },
    {
      "mode": "managed",
      "type": "aws_ebs_volume",
      "name": "app",
      "provider": "provider[\"registry.terraform.io/hashicorp/aws\"]",
      "instances": [
        {
          "schema_version": 0,
          "attributes": {
            "arn": "arn:aws:ec2:ap-south-1:203862109330:volume/vol-066fac8557645846a",
            "availability_zone": "ap-south-1a",
            "create_time": "2025-07-04T14:44:55Z",
            "encrypted": true,
            "final_snapshot": false,
            "id": "vol-066fac8557645846a",
            "iops": 0,
            "kms_key_id": "arn:aws:kms:ap-south-1:203862109330:key/b85532f1-0941-4d93-9963-d4757709b949",
            "multi_attach_enabled": false,
            "outpost_arn": "",
            "region": "ap-south-1",
            "size": 20,
            "snapshot_id": "snap-04d2abeffd7d27f22",
            "tags": {
              "BillableParty": "aarvan",
              "Name": "aarvan sit [new]",
              "VolumeType": "PerdixApp"
            },
            "tags_all": {
              "BillableParty": "aarvan",
              "Name": "aarvan sit [new]",
              "VolumeType": "PerdixApp"
            },
            "throughput": 0,
            "timeouts": null,
            "type": "standard"
          },
          "sensitive_attributes": [],
          "private": "eyJlMmJmYjczMC1lY2FhLTExZTYtOGY4OC0zNDM2M2JjN2M0YzAiOnsiY3JlYXRlIjozMDAwMDAwMDAwMDAsImRlbGV0ZSI6NjAwMDAwMDAwMDAwLCJ1cGRhdGUiOjMwMDAwMDAwMDAwMH19",
          "dependencies": [
            "aws_ebs_snapshot.app"
          ]
        }
      ]
    },
    {
      "mode": "managed",
      "type": "aws_ebs_volume",
      "name": "appdata",
      "provider": "provider[\"registry.terraform.io/hashicorp/aws\"]",
      "instances": [
        {
          "schema_version": 0,
          "attributes": {
            "arn": "arn:aws:ec2:ap-south-1:203862109330:volume/vol-0c684a797246c829f",
            "availability_zone": "ap-south-1a",
            "create_time": "2025-07-04T14:44:55Z",
            "encrypted": true,
            "final_snapshot": false,
            "id": "vol-0c684a797246c829f",
            "iops": 0,
            "kms_key_id": "arn:aws:kms:ap-south-1:203862109330:key/b85532f1-0941-4d93-9963-d4757709b949",
            "multi_attach_enabled": false,
            "outpost_arn": "",
            "region": "ap-south-1",
            "size": 40,
            "snapshot_id": "snap-09755219bbc69603c",
            "tags": {
              "BillableParty": "aarvan",
              "Name": "aarvan sit [new]",
              "VolumeType": "PerdixAppData"
            },
            "tags_all": {
              "BillableParty": "aarvan",
              "Name": "aarvan sit [new]",
              "VolumeType": "PerdixAppData"
            },
            "throughput": 0,
            "timeouts": null,
            "type": "standard"
          },
          "sensitive_attributes": [],
          "private": "eyJlMmJmYjczMC1lY2FhLTExZTYtOGY4OC0zNDM2M2JjN2M0YzAiOnsiY3JlYXRlIjozMDAwMDAwMDAwMDAsImRlbGV0ZSI6NjAwMDAwMDAwMDAwLCJ1cGRhdGUiOjMwMDAwMDAwMDAwMH19",
          "dependencies": [
            "aws_ebs_snapshot.appdata"
          ]
        }
      ]
    },
    {
      "mode": "managed",
      "type": "aws_ebs_volume",
      "name": "database",
      "provider": "provider[\"registry.terraform.io/hashicorp/aws\"]",
      "instances": [
        {
          "schema_version": 0,
          "attributes": {
            "arn": "arn:aws:ec2:ap-south-1:203862109330:volume/vol-0382ff9e7ae67c2d4",
            "availability_zone": "ap-south-1a",
            "create_time": "2025-07-04T14:44:45Z",
            "encrypted": true,
            "final_snapshot": false,
            "id": "vol-0382ff9e7ae67c2d4",
            "iops": 0,
            "kms_key_id": "arn:aws:kms:ap-south-1:203862109330:key/b85532f1-0941-4d93-9963-d4757709b949",
            "multi_attach_enabled": false,
            "outpost_arn": "",
            "region": "ap-south-1",
            "size": 50,
            "snapshot_id": "snap-08862f21a6ebe2303",
            "tags": {
              "BillableParty": "aarvan",
              "Name": "aarvan sit [new]",
              "VolumeType": "PerdixDatabase"
            },
            "tags_all": {
              "BillableParty": "aarvan",
              "Name": "aarvan sit [new]",
              "VolumeType": "PerdixDatabase"
            },
            "throughput": 0,
            "timeouts": null,
            "type": "standard"
          },
          "sensitive_attributes": [],
          "private": "eyJlMmJmYjczMC1lY2FhLTExZTYtOGY4OC0zNDM2M2JjN2M0YzAiOnsiY3JlYXRlIjozMDAwMDAwMDAwMDAsImRlbGV0ZSI6NjAwMDAwMDAwMDAwLCJ1cGRhdGUiOjMwMDAwMDAwMDAwMH19",
          "dependencies": [
            "aws_ebs_snapshot.database"
          ]
        }
      ]
    },
    {
      "mode": "managed",
      "type": "aws_instance",
      "name": "server",
      "provider": "provider[\"registry.terraform.io/hashicorp/aws\"]",
      "instances": [
        {
          "schema_version": 2,
          "attributes": {
            "ami": "ami-04d143d89e43ce7fb",
            "arn": "arn:aws:ec2:ap-south-1:203862109330:instance/i-0a000ce5f42e0d3c9",
            "associate_public_ip_address": false,
            "availability_zone": "ap-south-1a",
            "capacity_reservation_specification": [
              {
                "capacity_reservation_preference": "open",
                "capacity_reservation_target": []
              }
            ],
            "cpu_options": [
              {
                "amd_sev_snp": "",
                "core_count": 1,
                "threads_per_core": 2
              }
            ],
            "credit_specification": [
              {
                "cpu_credits": "unlimited"
              }
            ],
            "disable_api_stop": false,
            "disable_api_termination": true,
            "ebs_block_device": [],
            "ebs_optimized": true,
            "enable_primary_ipv6": null,
            "enclave_options": [
              {
                "enabled": false
              }
            ],
            "ephemeral_block_device": [],
            "get_password_data": false,
            "hibernation": false,
            "host_id": "",
            "host_resource_group_arn": null,
            "iam_instance_profile": "",
            "id": "i-0a000ce5f42e0d3c9",
            "instance_initiated_shutdown_behavior": "stop",
            "instance_lifecycle": "",
            "instance_market_options": [],
            "instance_state": "running",
            "instance_type": "t3a.large",
            "ipv6_address_count": 0,
            "ipv6_addresses": [],
            "key_name": "ansible",
            "launch_template": [],
            "maintenance_options": [
              {
                "auto_recovery": "default"
              }
            ],
            "metadata_options": [
              {
                "http_endpoint": "enabled",
                "http_protocol_ipv6": "disabled",
                "http_put_response_hop_limit": 1,
                "http_tokens": "optional",
                "instance_metadata_tags": "disabled"
              }
            ],
            "monitoring": false,
            "network_interface": [],
            "outpost_arn": "",
            "password_data": "",
            "placement_group": "",
            "placement_partition_number": 0,
            "primary_network_interface_id": "eni-0aae121250022fbc6",
            "private_dns": "ip-10-23-1-73.ap-south-1.compute.internal",
            "private_dns_name_options": [
              {
                "enable_resource_name_dns_a_record": false,
                "enable_resource_name_dns_aaaa_record": false,
                "hostname_type": "ip-name"
              }
            ],
            "private_ip": "10.23.1.73",
            "public_dns": "",
            "public_ip": "",
            "region": "ap-south-1",
            "root_block_device": [
              {
                "delete_on_termination": true,
                "device_name": "/dev/sda1",
                "encrypted": false,
                "iops": 0,
                "kms_key_id": "",
                "tags": {
                  "BillableParty": "aarvan",
                  "Name": "aarvan sit [new]",
                  "VolumeType": "Root"
                },
                "tags_all": {
                  "BillableParty": "aarvan",
                  "Name": "aarvan sit [new]",
                  "VolumeType": "Root"
                },
                "throughput": 0,
                "volume_id": "vol-08e2bee9d1ce47048",
                "volume_size": 15,
                "volume_type": "standard"
              }
            ],
            "secondary_private_ips": [],
            "security_groups": [],
            "source_dest_check": true,
            "spot_instance_request_id": "",
            "subnet_id": "subnet-09ffb189d6f69530a",
            "tags": {
              "BillableParty": "aarvan",
              "DNS_Name": "sit-aarvan.mmb.perdix.co",
              "Name": "aarvan sit [new]",
              "ServerCategory": "Client-SIT"
            },
            "tags_all": {
              "BillableParty": "aarvan",
              "DNS_Name": "sit-aarvan.mmb.perdix.co",
              "Name": "aarvan sit [new]",
              "ServerCategory": "Client-SIT"
            },
            "tenancy": "default",
            "timeouts": null,
            "user_data": "#!/bin/bash\n\n# Set up comprehensive logging\nLOG_FILE=\"/var/log/full-provisioning.log\"\nexec \u003e \u003e(tee -a \"$LOG_FILE\") 2\u003e\u00261\n\necho \"===== STARTING PROVISIONING $(date) =====\"\n\necho \"--- MOUNTING VOLUMES ---\"\n\nmkdir -p /app /appdata /database\n\n# Wait for devices to be available (up to 2 minutes)\nfor i in {1..120}; do\n  if [ -b /dev/nvme1n1 ] \u0026\u0026 [ -b /dev/nvme2n1 ] \u0026\u0026 [ -b /dev/nvme3n1 ]; then\n    break\n  fi\n  sleep 1\ndone\n\n# Detect NVMe devices (if instance uses NVMe)\nif ls /dev/nvme* 1\u003e /dev/null 2\u003e\u00261; then\n  APP_DEVICE=\"/dev/nvme1n1\"\n  APPDATA_DEVICE=\"/dev/nvme2n1\"\n  DATABASE_DEVICE=\"/dev/nvme3n1\"\nelse\n  APP_DEVICE=\"/dev/sdf\"\n  APPDATA_DEVICE=\"/dev/sdg\"\n  DATABASE_DEVICE=\"/dev/sdh\"\nfi\n\n# Wait until all 3 NVMe devices are detected\nwhile [ $(ls /dev/nvme* | grep -c 'n1$') -lt 3 ]; do\n  sleep 1\n  echo \"Waiting for NVMe devices...\"\ndone\n\nsleep 60\n\n# Format and mount volumes, comment this while testing on data volumes. This needs format only if its a new volume.\n#mkfs -t ext4 $APP_DEVICE\n#mkfs -t ext4 $APPDATA_DEVICE\n#mkfs -t ext4 $DATABASE_DEVICE\n\nmount $APP_DEVICE /app || {\n  echo \"Failed to mount $APP_DEVICE to /app\"\n  exit 1\n}\nmount $APPDATA_DEVICE /appdata || {\n  echo \"Failed to mount $APPDATA_DEVICE to /appdata\"\n  exit 1\n}\nmount $DATABASE_DEVICE /database || {\n  echo \"Failed to mount $DATABASE_DEVICE to /database\"\n  exit 1\n}\n\n# Add to fstab (use UUID for reliability)\nAPP_UUID=$(blkid -s UUID -o value $APP_DEVICE)\nAPPDATA_UUID=$(blkid -s UUID -o value $APPDATA_DEVICE)\nDATABASE_UUID=$(blkid -s UUID -o value $DATABASE_DEVICE)\n\necho \"UUID=$APP_UUID /app ext4 defaults,nofail 0 2\" \u003e\u003e /etc/fstab\necho \"UUID=$APPDATA_UUID /appdata ext4 defaults,nofail 0 2\" \u003e\u003e /etc/fstab\necho \"UUID=$DATABASE_UUID /database ext4 defaults,nofail 0 2\" \u003e\u003e /etc/fstab\n\necho \"===== PROVISIONING COMPLETE $(date) =====\"\n",
            "user_data_base64": null,
            "user_data_replace_on_change": false,
            "volume_tags": null,
            "vpc_security_group_ids": [
              "sg-0e7122c5bec08710b"
            ]
          },
          "sensitive_attributes": [],
          "private": "eyJlMmJmYjczMC1lY2FhLTExZTYtOGY4OC0zNDM2M2JjN2M0YzAiOnsiY3JlYXRlIjo2MDAwMDAwMDAwMDAsImRlbGV0ZSI6MTIwMDAwMDAwMDAwMCwicmVhZCI6OTAwMDAwMDAwMDAwLCJ1cGRhdGUiOjYwMDAwMDAwMDAwMH0sInNjaGVtYV92ZXJzaW9uIjoiMiJ9",
          "dependencies": [
            "data.aws_instance.existing"
          ]
        }
      ]
    },
    {
      "mode": "managed",
      "type": "aws_lb_listener_rule",
      "name": "target_group",
      "provider": "provider[\"registry.terraform.io/hashicorp/aws\"]",
      "instances": [
        {
          "schema_version": 0,
          "attributes": {
            "action": [
              {
                "authenticate_cognito": [],
                "authenticate_oidc": [],
                "fixed_response": [],
                "forward": [],
                "order": 1,
                "redirect": [],
                "target_group_arn": "arn:aws:elasticloadbalancing:ap-south-1:203862109330:targetgroup/sit-aarvan-mmb-80tg/d7362c9cf46dbff9",
                "type": "forward"
              }
            ],
            "arn": "arn:aws:elasticloadbalancing:ap-south-1:203862109330:listener-rule/app/DEV-MMB-ELB/617d6a7924757988/3c6ee87c6cfc2be5/3792c147bf6a18a8",
            "condition": [
              {
                "host_header": [
                  {
                    "values": [
                      "sit-aarvan.perdix.co.in"
                    ]
                  }
                ],
                "http_header": [],
                "http_request_method": [],
                "path_pattern": [],
                "query_string": [],
                "source_ip": []
              }
            ],
            "id": "arn:aws:elasticloadbalancing:ap-south-1:203862109330:listener-rule/app/DEV-MMB-ELB/617d6a7924757988/3c6ee87c6cfc2be5/3792c147bf6a18a8",
            "listener_arn": "arn:aws:elasticloadbalancing:ap-south-1:203862109330:listener/app/DEV-MMB-ELB/617d6a7924757988/3c6ee87c6cfc2be5",
            "priority": 56,
            "region": "ap-south-1",
            "tags": null,
            "tags_all": {}
          },
          "sensitive_attributes": [],
          "private": "bnVsbA==",
          "dependencies": [
            "aws_lb_target_group.target_group",
            "data.aws_lb_target_group.selected"
          ]
        }
      ]
    },
    {
      "mode": "managed",
      "type": "aws_lb_target_group",
      "name": "target_group",
      "provider": "provider[\"registry.terraform.io/hashicorp/aws\"]",
      "instances": [
        {
          "schema_version": 0,
          "attributes": {
            "arn": "arn:aws:elasticloadbalancing:ap-south-1:203862109330:targetgroup/sit-aarvan-mmb-80tg/d7362c9cf46dbff9",
            "arn_suffix": "targetgroup/sit-aarvan-mmb-80tg/d7362c9cf46dbff9",
            "connection_termination": null,
            "deregistration_delay": "300",
            "health_check": [
              {
                "enabled": true,
                "healthy_threshold": 2,
                "interval": 60,
                "matcher": "200",
                "path": "/perdix-client",
                "port": "traffic-port",
                "protocol": "HTTP",
                "timeout": 5,
                "unhealthy_threshold": 2
              }
            ],
            "id": "arn:aws:elasticloadbalancing:ap-south-1:203862109330:targetgroup/sit-aarvan-mmb-80tg/d7362c9cf46dbff9",
            "ip_address_type": "ipv4",
            "lambda_multi_value_headers_enabled": false,
            "load_balancer_arns": [],
            "load_balancing_algorithm_type": "round_robin",
            "load_balancing_anomaly_mitigation": "off",
            "load_balancing_cross_zone_enabled": "use_load_balancer_configuration",
            "name": "sit-aarvan-mmb-80tg",
            "name_prefix": "",
            "port": 80,
            "preserve_client_ip": null,
            "protocol": "HTTP",
            "protocol_version": "HTTP1",
            "proxy_protocol_v2": false,
            "region": "ap-south-1",
            "slow_start": 0,
            "stickiness": [
              {
                "cookie_duration": 86400,
                "cookie_name": "",
                "enabled": false,
                "type": "lb_cookie"
              }
            ],
            "tags": {
              "Name": "aarvan sit new"
            },
            "tags_all": {
              "Name": "aarvan sit new"
            },
            "target_failover": [
              {
                "on_deregistration": null,
                "on_unhealthy": null
              }
            ],
            "target_group_health": [
              {
                "dns_failover": [
                  {
                    "minimum_healthy_targets_count": "1",
                    "minimum_healthy_targets_percentage": "off"
                  }
                ],
                "unhealthy_state_routing": [
                  {
                    "minimum_healthy_targets_count": 1,
                    "minimum_healthy_targets_percentage": "off"
                  }
                ]
              }
            ],
            "target_health_state": [
              {
                "enable_unhealthy_connection_termination": null,
                "unhealthy_draining_interval": null
              }
            ],
            "target_type": "instance",
            "vpc_id": "vpc-0f6424f35dc01cb6c"
          },
          "sensitive_attributes": [],
          "private": "bnVsbA=="
        }
      ]
    },
    {
      "mode": "managed",
      "type": "aws_lb_target_group_attachment",
      "name": "target_group",
      "provider": "provider[\"registry.terraform.io/hashicorp/aws\"]",
      "instances": [
        {
          "schema_version": 0,
          "attributes": {
            "availability_zone": null,
            "id": "arn:aws:elasticloadbalancing:ap-south-1:203862109330:targetgroup/sit-aarvan-mmb-80tg/d7362c9cf46dbff9-20250704144418589700000002",
            "port": 80,
            "region": "ap-south-1",
            "target_group_arn": "arn:aws:elasticloadbalancing:ap-south-1:203862109330:targetgroup/sit-aarvan-mmb-80tg/d7362c9cf46dbff9",
            "target_id": "i-0a000ce5f42e0d3c9"
          },
          "sensitive_attributes": [],
          "private": "bnVsbA==",
          "dependencies": [
            "aws_instance.server",
            "aws_lb_target_group.target_group",
            "data.aws_instance.existing",
            "data.aws_lb_target_group.selected"
          ]
        }
      ]
    },
    {
      "mode": "managed",
      "type": "aws_route53_record",
      "name": "instance_dns",
      "provider": "provider[\"registry.terraform.io/hashicorp/aws\"]",
      "instances": [
        {
          "schema_version": 2,
          "attributes": {
            "alias": [],
            "allow_overwrite": null,
            "cidr_routing_policy": [],
            "failover_routing_policy": [],
            "fqdn": "sit-aarvan.mmb.perdix.co",
            "geolocation_routing_policy": [],
            "geoproximity_routing_policy": [],
            "health_check_id": "",
            "id": "Z14HUFX62W338H_sit-aarvan.mmb.perdix.co_A",
            "latency_routing_policy": [],
            "multivalue_answer_routing_policy": false,
            "name": "sit-aarvan.mmb.perdix.co",
            "records": [
              "10.23.1.73"
            ],
            "set_identifier": "",
            "timeouts": null,
            "ttl": 600,
            "type": "A",
            "weighted_routing_policy": [],
            "zone_id": "Z14HUFX62W338H"
          },
          "sensitive_attributes": [],
          "private": "eyJlMmJmYjczMC1lY2FhLTExZTYtOGY4OC0zNDM2M2JjN2M0YzAiOnsiY3JlYXRlIjoxODAwMDAwMDAwMDAwLCJkZWxldGUiOjE4MDAwMDAwMDAwMDAsInVwZGF0ZSI6MTgwMDAwMDAwMDAwMH0sInNjaGVtYV92ZXJzaW9uIjoiMiJ9",
          "dependencies": [
            "aws_instance.server",
            "data.aws_instance.existing"
          ]
        }
      ]
    },
    {
      "mode": "managed",
      "type": "aws_volume_attachment",
      "name": "app",
      "provider": "provider[\"registry.terraform.io/hashicorp/aws\"]",
      "instances": [
        {
          "schema_version": 0,
          "attributes": {
            "device_name": "/dev/sdf",
            "force_detach": null,
            "id": "vai-176190850",
            "instance_id": "i-0a000ce5f42e0d3c9",
            "region": "ap-south-1",
            "skip_destroy": null,
            "stop_instance_before_detaching": null,
            "timeouts": null,
            "volume_id": "vol-066fac8557645846a"
          },
          "sensitive_attributes": [],
          "private": "eyJlMmJmYjczMC1lY2FhLTExZTYtOGY4OC0zNDM2M2JjN2M0YzAiOnsiY3JlYXRlIjozMDAwMDAwMDAwMDAsImRlbGV0ZSI6MzAwMDAwMDAwMDAwfX0=",
          "dependencies": [
            "aws_ebs_snapshot.app",
            "aws_ebs_volume.app",
            "aws_instance.server",
            "data.aws_instance.existing"
          ]
        }
      ]
    },
    {
      "mode": "managed",
      "type": "aws_volume_attachment",
      "name": "appdata",
      "provider": "provider[\"registry.terraform.io/hashicorp/aws\"]",
      "instances": [
        {
          "schema_version": 0,
          "attributes": {
            "device_name": "/dev/sdg",
            "force_detach": null,
            "id": "vai-1727552069",
            "instance_id": "i-0a000ce5f42e0d3c9",
            "region": "ap-south-1",
            "skip_destroy": null,
            "stop_instance_before_detaching": null,
            "timeouts": null,
            "volume_id": "vol-0c684a797246c829f"
          },
          "sensitive_attributes": [],
          "private": "eyJlMmJmYjczMC1lY2FhLTExZTYtOGY4OC0zNDM2M2JjN2M0YzAiOnsiY3JlYXRlIjozMDAwMDAwMDAwMDAsImRlbGV0ZSI6MzAwMDAwMDAwMDAwfX0=",
          "dependencies": [
            "aws_ebs_snapshot.app",
            "aws_ebs_snapshot.appdata",
            "aws_ebs_volume.app",
            "aws_ebs_volume.appdata",
            "aws_instance.server",
            "aws_volume_attachment.app",
            "data.aws_instance.existing",
            "time_sleep.wait_30_seconds_after_app"
          ]
        }
      ]
    },
    {
      "mode": "managed",
      "type": "aws_volume_attachment",
      "name": "database",
      "provider": "provider[\"registry.terraform.io/hashicorp/aws\"]",
      "instances": [
        {
          "schema_version": 0,
          "attributes": {
            "device_name": "/dev/sdh",
            "force_detach": null,
            "id": "vai-4050611326",
            "instance_id": "i-0a000ce5f42e0d3c9",
            "region": "ap-south-1",
            "skip_destroy": null,
            "stop_instance_before_detaching": null,
            "timeouts": null,
            "volume_id": "vol-0382ff9e7ae67c2d4"
          },
          "sensitive_attributes": [],
          "private": "eyJlMmJmYjczMC1lY2FhLTExZTYtOGY4OC0zNDM2M2JjN2M0YzAiOnsiY3JlYXRlIjozMDAwMDAwMDAwMDAsImRlbGV0ZSI6MzAwMDAwMDAwMDAwfX0=",
          "dependencies": [
            "aws_ebs_snapshot.app",
            "aws_ebs_snapshot.appdata",
            "aws_ebs_snapshot.database",
            "aws_ebs_volume.app",
            "aws_ebs_volume.appdata",
            "aws_ebs_volume.database",
            "aws_instance.server",
            "aws_volume_attachment.app",
            "aws_volume_attachment.appdata",
            "data.aws_instance.existing",
            "time_sleep.wait_30_seconds_after_app",
            "time_sleep.wait_30_seconds_after_appdata"
          ]
        }
      ]
    },
    {
      "mode": "managed",
      "type": "time_sleep",
      "name": "wait_30_seconds_after_app",
      "provider": "provider[\"registry.terraform.io/hashicorp/time\"]",
      "instances": [
        {
          "schema_version": 0,
          "attributes": {
            "create_duration": "30s",
            "destroy_duration": null,
            "id": "2025-07-04T14:45:57Z",
            "triggers": null
          },
          "sensitive_attributes": [],
          "dependencies": [
            "aws_ebs_snapshot.app",
            "aws_ebs_volume.app",
            "aws_instance.server",
            "aws_volume_attachment.app",
            "data.aws_instance.existing"
          ]
        }
      ]
    },
    {
      "mode": "managed",
      "type": "time_sleep",
      "name": "wait_30_seconds_after_appdata",
      "provider": "provider[\"registry.terraform.io/hashicorp/time\"]",
      "instances": [
        {
          "schema_version": 0,
          "attributes": {
            "create_duration": "30s",
            "destroy_duration": null,
            "id": "2025-07-04T14:47:08Z",
            "triggers": null
          },
          "sensitive_attributes": [],
          "dependencies": [
            "aws_ebs_snapshot.app",
            "aws_ebs_snapshot.appdata",
            "aws_ebs_volume.app",
            "aws_ebs_volume.appdata",
            "aws_instance.server",
            "aws_volume_attachment.app",
            "aws_volume_attachment.appdata",
            "data.aws_instance.existing",
            "time_sleep.wait_30_seconds_after_app"
          ]
        }
      ]
    },
    {
      "mode": "managed",
      "type": "time_sleep",
      "name": "wait_30_seconds_after_database",
      "provider": "provider[\"registry.terraform.io/hashicorp/time\"]",
      "instances": [
        {
          "schema_version": 0,
          "attributes": {
            "create_duration": "30s",
            "destroy_duration": null,
            "id": "2025-07-04T14:48:00Z",
            "triggers": null
          },
          "sensitive_attributes": [],
          "dependencies": [
            "aws_ebs_snapshot.app",
            "aws_ebs_snapshot.appdata",
            "aws_ebs_snapshot.database",
            "aws_ebs_volume.app",
            "aws_ebs_volume.appdata",
            "aws_ebs_volume.database",
            "aws_instance.server",
            "aws_volume_attachment.app",
            "aws_volume_attachment.appdata",
            "aws_volume_attachment.database",
            "data.aws_instance.existing",
            "time_sleep.wait_30_seconds_after_app",
            "time_sleep.wait_30_seconds_after_appdata"
          ]
        }
      ]
    }
  ],
  "check_results": null
}
